
Microsoft Visual Studio Solution File, Format Version 12.00
# Visual Studio Version 16
VisualStudioVersion = 16.0.31515.178
MinimumVisualStudioVersion = 10.0.40219.1
Project("{FAE04EC0-301F-11D3-BF4B-00C04F79EFBC}") = "SudokuSolver", "SudokuSolver\SudokuSolver.csproj", "{5356E203-7EDB-4395-AF1A-CAD84FCAFB04}"
EndProject
Global
	GlobalSection(SolutionConfigurationPlatforms) = preSolution
		Debug|Any CPU = Debug|Any CPU
		Release|Any CPU = Release|Any CPU
	EndGlobalSection
	GlobalSection(ProjectConfigurationPlatforms) = postSolution
		{5356E203-7EDB-4395-AF1A-CAD84FCAFB04}.Debug|Any CPU.ActiveCfg = Debug|Any CPU
		{5356E203-7EDB-4395-AF1A-CAD84FCAFB04}.Debug|Any CPU.Build.0 = Debug|Any CPU
		{5356E203-7EDB-4395-AF1A-CAD84FCAFB04}.Release|Any CPU.ActiveCfg = Release|Any CPU
		{5356E203-7EDB-4395-AF1A-CAD84FCAFB04}.Release|Any CPU.Build.0 = Release|Any CPU
	EndGlobalSection
	GlobalSection(SolutionProperties) = preSolution
		HideSolutionNode = FALSE
	EndGlobalSection
	GlobalSection(ExtensibilityGlobals) = postSolution
		SolutionGuid = {4B34FED5-DBC9-4C4C-95BA-781EE955B362}
	EndGlobalSection
EndGlobal
